
Microsoft Visual Studio Solution File, Format Version 12.00
# Visual Studio Version 17
VisualStudioVersion = 17.13.35825.156
MinimumVisualStudioVersion = 10.0.40219.1
Project("{2150E333-8FDC-42A3-9474-1A3956D46DE8}") = "src", "src", "{36D591C7-65C7-A0D1-1CBC-10CDE441BDC8}"
EndProject
Project("{FAE04EC0-301F-11D3-BF4B-00C04F79EFBC}") = "Domain", "src\Domain\Domain.csproj", "{A6A3003F-6D1D-44BD-A05E-0CC42E890B5D}"
EndProject
Project("{FAE04EC0-301F-11D3-BF4B-00C04F79EFBC}") = "Infrastructure", "src\Infrastructure\Infrastructure.csproj", "{25DB2F44-142F-4246-88B1-FFC3C6E57A09}"
EndProject
Project("{FAE04EC0-301F-11D3-BF4B-00C04F79EFBC}") = "Application", "src\Application\Application.csproj", "{F5EB7C5A-D9F1-448F-B105-39DF87C4686C}"
EndProject
Project("{FAE04EC0-301F-11D3-BF4B-00C04F79EFBC}") = "Api", "src\Api\Api.csproj", "{68FEA116-D7D3-4EE5-BE10-314068C67BBD}"
EndProject
Project("{2150E333-8FDC-42A3-9474-1A3956D46DE8}") = "tests", "tests", "{372AB846-72CD-48E8-BB3F-C41BCEBEDF50}"
EndProject
Project("{FAE04EC0-301F-11D3-BF4B-00C04F79EFBC}") = "ApplicationUnitTests", "ApplicationUnitTests\ApplicationUnitTests.csproj", "{DEBD0A34-CEC3-4BA3-A9E0-C632A83059B5}"
EndProject
Project("{FAE04EC0-301F-11D3-BF4B-00C04F79EFBC}") = "IntegrationTests", "IntegrationTests\IntegrationTests.csproj", "{85BA7F09-7278-4448-8E57-A0150F2492EA}"
EndProject
Global
	GlobalSection(SolutionConfigurationPlatforms) = preSolution
		Debug|Any CPU = Debug|Any CPU
		Release|Any CPU = Release|Any CPU
	EndGlobalSection
	GlobalSection(ProjectConfigurationPlatforms) = postSolution
		{A6A3003F-6D1D-44BD-A05E-0CC42E890B5D}.Debug|Any CPU.ActiveCfg = Debug|Any CPU
		{A6A3003F-6D1D-44BD-A05E-0CC42E890B5D}.Debug|Any CPU.Build.0 = Debug|Any CPU
		{A6A3003F-6D1D-44BD-A05E-0CC42E890B5D}.Release|Any CPU.ActiveCfg = Release|Any CPU
		{A6A3003F-6D1D-44BD-A05E-0CC42E890B5D}.Release|Any CPU.Build.0 = Release|Any CPU
		{25DB2F44-142F-4246-88B1-FFC3C6E57A09}.Debug|Any CPU.ActiveCfg = Debug|Any CPU
		{25DB2F44-142F-4246-88B1-FFC3C6E57A09}.Debug|Any CPU.Build.0 = Debug|Any CPU
		{25DB2F44-142F-4246-88B1-FFC3C6E57A09}.Release|Any CPU.ActiveCfg = Release|Any CPU
		{25DB2F44-142F-4246-88B1-FFC3C6E57A09}.Release|Any CPU.Build.0 = Release|Any CPU
		{F5EB7C5A-D9F1-448F-B105-39DF87C4686C}.Debug|Any CPU.ActiveCfg = Debug|Any CPU
		{F5EB7C5A-D9F1-448F-B105-39DF87C4686C}.Debug|Any CPU.Build.0 = Debug|Any CPU
		{F5EB7C5A-D9F1-448F-B105-39DF87C4686C}.Release|Any CPU.ActiveCfg = Release|Any CPU
		{F5EB7C5A-D9F1-448F-B105-39DF87C4686C}.Release|Any CPU.Build.0 = Release|Any CPU
		{68FEA116-D7D3-4EE5-BE10-314068C67BBD}.Debug|Any CPU.ActiveCfg = Debug|Any CPU
		{68FEA116-D7D3-4EE5-BE10-314068C67BBD}.Debug|Any CPU.Build.0 = Debug|Any CPU
		{68FEA116-D7D3-4EE5-BE10-314068C67BBD}.Release|Any CPU.ActiveCfg = Release|Any CPU
		{68FEA116-D7D3-4EE5-BE10-314068C67BBD}.Release|Any CPU.Build.0 = Release|Any CPU
		{DEBD0A34-CEC3-4BA3-A9E0-C632A83059B5}.Debug|Any CPU.ActiveCfg = Debug|Any CPU
		{DEBD0A34-CEC3-4BA3-A9E0-C632A83059B5}.Debug|Any CPU.Build.0 = Debug|Any CPU
		{DEBD0A34-CEC3-4BA3-A9E0-C632A83059B5}.Release|Any CPU.ActiveCfg = Release|Any CPU
		{DEBD0A34-CEC3-4BA3-A9E0-C632A83059B5}.Release|Any CPU.Build.0 = Release|Any CPU
		{85BA7F09-7278-4448-8E57-A0150F2492EA}.Debug|Any CPU.ActiveCfg = Debug|Any CPU
		{85BA7F09-7278-4448-8E57-A0150F2492EA}.Debug|Any CPU.Build.0 = Debug|Any CPU
		{85BA7F09-7278-4448-8E57-A0150F2492EA}.Release|Any CPU.ActiveCfg = Release|Any CPU
		{85BA7F09-7278-4448-8E57-A0150F2492EA}.Release|Any CPU.Build.0 = Release|Any CPU
	EndGlobalSection
	GlobalSection(SolutionProperties) = preSolution
		HideSolutionNode = FALSE
	EndGlobalSection
	GlobalSection(NestedProjects) = preSolution
		{A6A3003F-6D1D-44BD-A05E-0CC42E890B5D} = {36D591C7-65C7-A0D1-1CBC-10CDE441BDC8}
		{25DB2F44-142F-4246-88B1-FFC3C6E57A09} = {36D591C7-65C7-A0D1-1CBC-10CDE441BDC8}
		{F5EB7C5A-D9F1-448F-B105-39DF87C4686C} = {36D591C7-65C7-A0D1-1CBC-10CDE441BDC8}
		{68FEA116-D7D3-4EE5-BE10-314068C67BBD} = {36D591C7-65C7-A0D1-1CBC-10CDE441BDC8}
		{DEBD0A34-CEC3-4BA3-A9E0-C632A83059B5} = {372AB846-72CD-48E8-BB3F-C41BCEBEDF50}
		{85BA7F09-7278-4448-8E57-A0150F2492EA} = {372AB846-72CD-48E8-BB3F-C41BCEBEDF50}
	EndGlobalSection
	GlobalSection(ExtensibilityGlobals) = postSolution
		SolutionGuid = {E09957F4-6C7B-403E-BAA6-0E125CF846E5}
	EndGlobalSection
EndGlobal
